
Microsoft Visual Studio Solution File, Format Version 12.00
# Visual Studio Version 17
VisualStudioVersion = 17.6.33829.357
MinimumVisualStudioVersion = 10.0.40219.1
Project("{FAE04EC0-301F-11D3-BF4B-00C04F79EFBC}") = "WebApplication15", "WebApplication15\WebApplication15.csproj", "{CAB52D0D-D244-4CE9-951D-10D188F44FCF}"
EndProject
Project("{9A19103F-16F7-4668-BE54-9A1E7A4F7556}") = "DAL", "DLL\DAL.csproj", "{4FA5DF7A-4439-4565-94F1-86D78A86019B}"
EndProject
Project("{9A19103F-16F7-4668-BE54-9A1E7A4F7556}") = "BLL", "BLL\BLL.csproj", "{62CFF1D1-9E91-4A5C-BD57-515E1E0B02ED}"
EndProject
Global
	GlobalSection(SolutionConfigurationPlatforms) = preSolution
		Debug|Any CPU = Debug|Any CPU
		Release|Any CPU = Release|Any CPU
	EndGlobalSection
	GlobalSection(ProjectConfigurationPlatforms) = postSolution
		{CAB52D0D-D244-4CE9-951D-10D188F44FCF}.Debug|Any CPU.ActiveCfg = Debug|Any CPU
		{CAB52D0D-D244-4CE9-951D-10D188F44FCF}.Debug|Any CPU.Build.0 = Debug|Any CPU
		{CAB52D0D-D244-4CE9-951D-10D188F44FCF}.Release|Any CPU.ActiveCfg = Release|Any CPU
		{CAB52D0D-D244-4CE9-951D-10D188F44FCF}.Release|Any CPU.Build.0 = Release|Any CPU
		{4FA5DF7A-4439-4565-94F1-86D78A86019B}.Debug|Any CPU.ActiveCfg = Debug|Any CPU
		{4FA5DF7A-4439-4565-94F1-86D78A86019B}.Debug|Any CPU.Build.0 = Debug|Any CPU
		{4FA5DF7A-4439-4565-94F1-86D78A86019B}.Release|Any CPU.ActiveCfg = Release|Any CPU
		{4FA5DF7A-4439-4565-94F1-86D78A86019B}.Release|Any CPU.Build.0 = Release|Any CPU
		{62CFF1D1-9E91-4A5C-BD57-515E1E0B02ED}.Debug|Any CPU.ActiveCfg = Debug|Any CPU
		{62CFF1D1-9E91-4A5C-BD57-515E1E0B02ED}.Debug|Any CPU.Build.0 = Debug|Any CPU
		{62CFF1D1-9E91-4A5C-BD57-515E1E0B02ED}.Release|Any CPU.ActiveCfg = Release|Any CPU
		{62CFF1D1-9E91-4A5C-BD57-515E1E0B02ED}.Release|Any CPU.Build.0 = Release|Any CPU
	EndGlobalSection
	GlobalSection(SolutionProperties) = preSolution
		HideSolutionNode = FALSE
	EndGlobalSection
	GlobalSection(ExtensibilityGlobals) = postSolution
		SolutionGuid = {778B99F2-4AD7-4916-A9C6-66D5841A8F35}
	EndGlobalSection
EndGlobal
